
Microsoft Visual Studio Solution File, Format Version 12.00
# Visual Studio Version 17
VisualStudioVersion = 17.13.35828.75 d17.13
MinimumVisualStudioVersion = 10.0.40219.1
Project("{FAE04EC0-301F-11D3-BF4B-00C04F79EFBC}") = "AutoSignIn", "AutoSignIn\AutoSignIn.csproj", "{840081EB-DBFE-2E05-9275-2B4B342025E4}"
EndProject
Project("{FAE04EC0-301F-11D3-BF4B-00C04F79EFBC}") = "ManualSignIn", "ManualSignIn\ManualSignIn.csproj", "{A7E45FDA-6714-F4B7-0195-5A2B12BA9A37}"
EndProject
Global
	GlobalSection(SolutionConfigurationPlatforms) = preSolution
		Debug|Any CPU = Debug|Any CPU
		Release|Any CPU = Release|Any CPU
	EndGlobalSection
	GlobalSection(ProjectConfigurationPlatforms) = postSolution
		{840081EB-DBFE-2E05-9275-2B4B342025E4}.Debug|Any CPU.ActiveCfg = Debug|Any CPU
		{840081EB-DBFE-2E05-9275-2B4B342025E4}.Debug|Any CPU.Build.0 = Debug|Any CPU
		{840081EB-DBFE-2E05-9275-2B4B342025E4}.Release|Any CPU.ActiveCfg = Release|Any CPU
		{840081EB-DBFE-2E05-9275-2B4B342025E4}.Release|Any CPU.Build.0 = Release|Any CPU
		{A7E45FDA-6714-F4B7-0195-5A2B12BA9A37}.Debug|Any CPU.ActiveCfg = Debug|Any CPU
		{A7E45FDA-6714-F4B7-0195-5A2B12BA9A37}.Debug|Any CPU.Build.0 = Debug|Any CPU
		{A7E45FDA-6714-F4B7-0195-5A2B12BA9A37}.Release|Any CPU.ActiveCfg = Release|Any CPU
		{A7E45FDA-6714-F4B7-0195-5A2B12BA9A37}.Release|Any CPU.Build.0 = Release|Any CPU
	EndGlobalSection
	GlobalSection(SolutionProperties) = preSolution
		HideSolutionNode = FALSE
	EndGlobalSection
	GlobalSection(ExtensibilityGlobals) = postSolution
		SolutionGuid = {55274C53-CF36-4245-A6B2-6603A3066208}
	EndGlobalSection
EndGlobal
