
Microsoft Visual Studio Solution File, Format Version 12.00
# Visual Studio Version 17
VisualStudioVersion = 17.13.35913.81
MinimumVisualStudioVersion = 10.0.40219.1
Project("{FAE04EC0-301F-11D3-BF4B-00C04F79EFBC}") = "RetrievalBot", "RetrievalBot.csproj", "{C67F2E4A-03A6-D03B-DB25-9D9F47C88EA3}"
EndProject
Project("{FAE04EC0-301F-11D3-BF4B-00C04F79EFBC}") = "Microsoft.Agents.M365Copilot.Beta", "dotnet\src\Microsoft.Agents.M365Copilot.Beta\Microsoft.Agents.M365Copilot.Beta.csproj", "{D5FF4444-2DC2-D20E-81EC-FA0300DCA244}"
EndProject
Global
	GlobalSection(SolutionConfigurationPlatforms) = preSolution
		Debug|Any CPU = Debug|Any CPU
		Release|Any CPU = Release|Any CPU
	EndGlobalSection
	GlobalSection(ProjectConfigurationPlatforms) = postSolution
		{C67F2E4A-03A6-D03B-DB25-9D9F47C88EA3}.Debug|Any CPU.ActiveCfg = Debug|Any CPU
		{C67F2E4A-03A6-D03B-DB25-9D9F47C88EA3}.Debug|Any CPU.Build.0 = Debug|Any CPU
		{C67F2E4A-03A6-D03B-DB25-9D9F47C88EA3}.Release|Any CPU.ActiveCfg = Release|Any CPU
		{C67F2E4A-03A6-D03B-DB25-9D9F47C88EA3}.Release|Any CPU.Build.0 = Release|Any CPU
		{D5FF4444-2DC2-D20E-81EC-FA0300DCA244}.Debug|Any CPU.ActiveCfg = Debug|Any CPU
		{D5FF4444-2DC2-D20E-81EC-FA0300DCA244}.Debug|Any CPU.Build.0 = Debug|Any CPU
		{D5FF4444-2DC2-D20E-81EC-FA0300DCA244}.Release|Any CPU.ActiveCfg = Release|Any CPU
		{D5FF4444-2DC2-D20E-81EC-FA0300DCA244}.Release|Any CPU.Build.0 = Release|Any CPU
	EndGlobalSection
	GlobalSection(SolutionProperties) = preSolution
		HideSolutionNode = FALSE
	EndGlobalSection
	GlobalSection(ExtensibilityGlobals) = postSolution
		SolutionGuid = {4125E932-47FF-4100-AEFA-8A6F689C0294}
	EndGlobalSection
EndGlobal
